// !$*UTF8*$!
{
	archiveVersion = 1;
	classes = {
	};
	objectVersion = 56;
	objects = {

/* Begin PBXBuildFile section */
		24884F58295C643500AE6E11 /* BlasterApp.swift in Sources */ = {isa = PBXBuildFile; fileRef = 24884F57295C643500AE6E11 /* BlasterApp.swift */; };
		24884F5A295C643500AE6E11 /* ContentView.swift in Sources */ = {isa = PBXBuildFile; fileRef = 24884F59295C643500AE6E11 /* ContentView.swift */; };
		24884F5C295C643700AE6E11 /* Assets.xcassets in Resources */ = {isa = PBXBuildFile; fileRef = 24884F5B295C643700AE6E11 /* Assets.xcassets */; };
		24884F5F295C643700AE6E11 /* Preview Assets.xcassets in Resources */ = {isa = PBXBuildFile; fileRef = 24884F5E295C643700AE6E11 /* Preview Assets.xcassets */; };
		24884F61295C643700AE6E11 /* Persistence.swift in Sources */ = {isa = PBXBuildFile; fileRef = 24884F60295C643700AE6E11 /* Persistence.swift */; };
		24884F64295C643700AE6E11 /* Blaster.xcdatamodeld in Sources */ = {isa = PBXBuildFile; fileRef = 24884F62295C643700AE6E11 /* Blaster.xcdatamodeld */; };
/* End PBXBuildFile section */

/* Begin PBXFileReference section */
		24884F54295C643500AE6E11 /* Blaster.app */ = {isa = PBXFileReference; explicitFileType = wrapper.application; includeInIndex = 0; path = Blaster.app; sourceTree = BUILT_PRODUCTS_DIR; };
		24884F57295C643500AE6E11 /* BlasterApp.swift */ = {isa = PBXFileReference; lastKnownFileType = sourcecode.swift; path = BlasterApp.swift; sourceTree = "<group>"; };
		24884F59295C643500AE6E11 /* ContentView.swift */ = {isa = PBXFileReference; lastKnownFileType = sourcecode.swift; path = ContentView.swift; sourceTree = "<group>"; };
		24884F5B295C643700AE6E11 /* Assets.xcassets */ = {isa = PBXFileReference; lastKnownFileType = folder.assetcatalog; path = Assets.xcassets; sourceTree = "<group>"; };
		24884F5E295C643700AE6E11 /* Preview Assets.xcassets */ = {isa = PBXFileReference; lastKnownFileType = folder.assetcatalog; path = "Preview Assets.xcassets"; sourceTree = "<group>"; };
		24884F60295C643700AE6E11 /* Persistence.swift */ = {isa = PBXFileReference; lastKnownFileType = sourcecode.swift; path = Persistence.swift; sourceTree = "<group>"; };
		24884F63295C643700AE6E11 /* Blaster.xcdatamodel */ = {isa = PBXFileReference; lastKnownFileType = wrapper.xcdatamodel; path = Blaster.xcdatamodel; sourceTree = "<group>"; };
/* End PBXFileReference section */

/* Begin PBXFrameworksBuildPhase section */
		24884F51295C643500AE6E11 /* Frameworks */ = {
			isa = PBXFrameworksBuildPhase;
			buildActionMask = 2147483647;
			files = (
			);
			runOnlyForDeploymentPostprocessing = 0;
		};
/* End PBXFrameworksBuildPhase section */

/* Begin PBXGroup section */
		24884F4B295C643500AE6E11 = {
			isa = PBXGroup;
			children = (
				24884F56295C643500AE6E11 /* Blaster */,
				24884F55295C643500AE6E11 /* Products */,
			);
			sourceTree = "<group>";
		};
		24884F55295C643500AE6E11 /* Products */ = {
			isa = PBXGroup;
			children = (
				24884F54295C643500AE6E11 /* Blaster.app */,
			);
			name = Products;
			sourceTree = "<group>";
		};
		24884F56295C643500AE6E11 /* Blaster */ = {
			isa = PBXGroup;
			children = (
				24884F57295C643500AE6E11 /* BlasterApp.swift */,
				24884F59295C643500AE6E11 /* ContentView.swift */,
				24884F5B295C643700AE6E11 /* Assets.xcassets */,
				24884F60295C643700AE6E11 /* Persistence.swift */,
				24884F62295C643700AE6E11 /* Blaster.xcdatamodeld */,
				24884F5D295C643700AE6E11 /* Preview Content */,
			);
			path = Blaster;
			sourceTree = "<group>";
		};
		24884F5D295C643700AE6E11 /* Preview Content */ = {
			isa = PBXGroup;
			children = (
				24884F5E295C643700AE6E11 /* Preview Assets.xcassets */,
			);
			path = "Preview Content";
			sourceTree = "<group>";
		};
/* End PBXGroup section */

/* Begin PBXNativeTarget section */
		24884F53295C643500AE6E11 /* Blaster */ = {
			isa = PBXNativeTarget;
			buildConfigurationList = 24884F67295C643700AE6E11 /* Build configuration list for PBXNativeTarget "Blaster" */;
			buildPhases = (
				24884F50295C643500AE6E11 /* Sources */,
				24884F51295C643500AE6E11 /* Frameworks */,
				24884F52295C643500AE6E11 /* Resources */,
			);
			buildRules = (
			);
			dependencies = (
			);
			name = Blaster;
			productName = Blaster;
			productReference = 24884F54295C643500AE6E11 /* Blaster.app */;
			productType = "com.apple.product-type.application";
		};
/* End PBXNativeTarget section */

/* Begin PBXProject section */
		24884F4C295C643500AE6E11 /* Project object */ = {
			isa = PBXProject;
			attributes = {
				BuildIndependentTargetsInParallel = 1;
				LastSwiftUpdateCheck = 1420;
				LastUpgradeCheck = 1420;
				TargetAttributes = {
					24884F53295C643500AE6E11 = {
						CreatedOnToolsVersion = 14.2;
					};
				};
			};
			buildConfigurationList = 24884F4F295C643500AE6E11 /* Build configuration list for PBXProject "Blaster" */;
			compatibilityVersion = "Xcode 14.0";
			developmentRegion = en;
			hasScannedForEncodings = 0;
			knownRegions = (
				en,
				Base,
			);
			mainGroup = 24884F4B295C643500AE6E11;
			productRefGroup = 24884F55295C643500AE6E11 /* Products */;
			projectDirPath = "";
			projectRoot = "";
			targets = (
				24884F53295C643500AE6E11 /* Blaster */,
			);
		};
/* End PBXProject section */

/* Begin PBXResourcesBuildPhase section */
		24884F52295C643500AE6E11 /* Resources */ = {
			isa = PBXResourcesBuildPhase;
			buildActionMask = 2147483647;
			files = (
				24884F5F295C643700AE6E11 /* Preview Assets.xcassets in Resources */,
				24884F5C295C643700AE6E11 /* Assets.xcassets in Resources */,
			);
			runOnlyForDeploymentPostprocessing = 0;
		};
/* End PBXResourcesBuildPhase section */

/* Begin PBXSourcesBuildPhase section */
		24884F50295C643500AE6E11 /* Sources */ = {
			isa = PBXSourcesBuildPhase;
			buildActionMask = 2147483647;
			files = (
				24884F61295C643700AE6E11 /* Persistence.swift in Sources */,
				24884F64295C643700AE6E11 /* Blaster.xcdatamodeld in Sources */,
				24884F5A295C643500AE6E11 /* ContentView.swift in Sources */,
				24884F58295C643500AE6E11 /* BlasterApp.swift in Sources */,
			);
			runOnlyForDeploymentPostprocessing = 0;
		};
/* End PBXSourcesBuildPhase section */

/* Begin XCBuildConfiguration section */
		24884F65295C643700AE6E11 /* Debug */ = {
			isa = XCBuildConfiguration;
			buildSettings = {
				ALWAYS_SEARCH_USER_PATHS = NO;
				CLANG_ANALYZER_NONNULL = YES;
				CLANG_ANALYZER_NUMBER_OBJECT_CONVERSION = YES_AGGRESSIVE;
				CLANG_CXX_LANGUAGE_STANDARD = "gnu++20";
				CLANG_ENABLE_MODULES = YES;
				CLANG_ENABLE_OBJC_ARC = YES;
				CLANG_ENABLE_OBJC_WEAK = YES;
				CLANG_WARN_BLOCK_CAPTURE_AUTORELEASING = YES;
				CLANG_WARN_BOOL_CONVERSION = YES;
				CLANG_WARN_COMMA = YES;
				CLANG_WARN_CONSTANT_CONVERSION = YES;
				CLANG_WARN_DEPRECATED_OBJC_IMPLEMENTATIONS = YES;
				CLANG_WARN_DIRECT_OBJC_ISA_USAGE = YES_ERROR;
				CLANG_WARN_DOCUMENTATION_COMMENTS = YES;
				CLANG_WARN_EMPTY_BODY = YES;
				CLANG_WARN_ENUM_CONVERSION = YES;
				CLANG_WARN_INFINITE_RECURSION = YES;
				CLANG_WARN_INT_CONVERSION = YES;
				CLANG_WARN_NON_LITERAL_NULL_CONVERSION = YES;
				CLANG_WARN_OBJC_IMPLICIT_RETAIN_SELF = YES;
				CLANG_WARN_OBJC_LITERAL_CONVERSION = YES;
				CLANG_WARN_OBJC_ROOT_CLASS = YES_ERROR;
				CLANG_WARN_QUOTED_INCLUDE_IN_FRAMEWORK_HEADER = YES;
				CLANG_WARN_RANGE_LOOP_ANALYSIS = YES;
				CLANG_WARN_STRICT_PROTOTYPES = YES;
				CLANG_WARN_SUSPICIOUS_MOVE = YES;
				CLANG_WARN_UNGUARDED_AVAILABILITY = YES_AGGRESSIVE;
				CLANG_WARN_UNREACHABLE_CODE = YES;
				CLANG_WARN__DUPLICATE_METHOD_MATCH = YES;
				COPY_PHASE_STRIP = NO;
				DEBUG_INFORMATION_FORMAT = dwarf;
				ENABLE_STRICT_OBJC_MSGSEND = YES;
				ENABLE_TESTABILITY = YES;
				GCC_C_LANGUAGE_STANDARD = gnu11;
				GCC_DYNAMIC_NO_PIC = NO;
				GCC_NO_COMMON_BLOCKS = YES;
				GCC_OPTIMIZATION_LEVEL = 0;
				GCC_PREPROCESSOR_DEFINITIONS = (
					"DEBUG=1",
					"$(inherited)",
				);
				GCC_WARN_64_TO_32_BIT_CONVERSION = YES;
				GCC_WARN_ABOUT_RETURN_TYPE = YES_ERROR;
				GCC_WARN_UNDECLARED_SELECTOR = YES;
				GCC_WARN_UNINITIALIZED_AUTOS = YES_AGGRESSIVE;
				GCC_WARN_UNUSED_FUNCTION = YES;
				GCC_WARN_UNUSED_VARIABLE = YES;
				IPHONEOS_DEPLOYMENT_TARGET = 16.2;
				MTL_ENABLE_DEBUG_INFO = INCLUDE_SOURCE;
				MTL_FAST_MATH = YES;
				ONLY_ACTIVE_ARCH = YES;
				SDKROOT = iphoneos;
				SWIFT_ACTIVE_COMPILATION_CONDITIONS = DEBUG;
				SWIFT_OPTIMIZATION_LEVEL = "-Onone";
			};
			name = Debug;
		};
		24884F66295C643700AE6E11 /* Release */ = {
			isa = XCBuildConfiguration;
			buildSettings = {
				ALWAYS_SEARCH_USER_PATHS = NO;
				CLANG_ANALYZER_NONNULL = YES;
				CLANG_ANALYZER_NUMBER_OBJECT_CONVERSION = YES_AGGRESSIVE;
				CLANG_CXX_LANGUAGE_STANDARD = "gnu++20";
				CLANG_ENABLE_MODULES = YES;
				CLANG_ENABLE_OBJC_ARC = YES;
				CLANG_ENABLE_OBJC_WEAK = YES;
				CLANG_WARN_BLOCK_CAPTURE_AUTORELEASING = YES;
				CLANG_WARN_BOOL_CONVERSION = YES;
				CLANG_WARN_COMMA = YES;
				CLANG_WARN_CONSTANT_CONVERSION = YES;
				CLANG_WARN_DEPRECATED_OBJC_IMPLEMENTATIONS = YES;
				CLANG_WARN_DIRECT_OBJC_ISA_USAGE = YES_ERROR;
				CLANG_WARN_DOCUMENTATION_COMMENTS = YES;
				CLANG_WARN_EMPTY_BODY = YES;
				CLANG_WARN_ENUM_CONVERSION = YES;
				CLANG_WARN_INFINITE_RECURSION = YES;
				CLANG_WARN_INT_CONVERSION = YES;
				CLANG_WARN_NON_LITERAL_NULL_CONVERSION = YES;
				CLANG_WARN_OBJC_IMPLICIT_RETAIN_SELF = YES;
				CLANG_WARN_OBJC_LITERAL_CONVERSION = YES;
				CLANG_WARN_OBJC_ROOT_CLASS = YES_ERROR;
				CLANG_WARN_QUOTED_INCLUDE_IN_FRAMEWORK_HEADER = YES;
				CLANG_WARN_RANGE_LOOP_ANALYSIS = YES;
				CLANG_WARN_STRICT_PROTOTYPES = YES;
				CLANG_WARN_SUSPICIOUS_MOVE = YES;
				CLANG_WARN_UNGUARDED_AVAILABILITY = YES_AGGRESSIVE;
				CLANG_WARN_UNREACHABLE_CODE = YES;
				CLANG_WARN__DUPLICATE_METHOD_MATCH = YES;
				COPY_PHASE_STRIP = NO;
				DEBUG_INFORMATION_FORMAT = "dwarf-with-dsym";
				ENABLE_NS_ASSERTIONS = NO;
				ENABLE_STRICT_OBJC_MSGSEND = YES;
				GCC_C_LANGUAGE_STANDARD = gnu11;
				GCC_NO_COMMON_BLOCKS = YES;
				GCC_WARN_64_TO_32_BIT_CONVERSION = YES;
				GCC_WARN_ABOUT_RETURN_TYPE = YES_ERROR;
				GCC_WARN_UNDECLARED_SELECTOR = YES;
				GCC_WARN_UNINITIALIZED_AUTOS = YES_AGGRESSIVE;
				GCC_WARN_UNUSED_FUNCTION = YES;
				GCC_WARN_UNUSED_VARIABLE = YES;
				IPHONEOS_DEPLOYMENT_TARGET = 16.2;
				MTL_ENABLE_DEBUG_INFO = NO;
				MTL_FAST_MATH = YES;
				SDKROOT = iphoneos;
				SWIFT_COMPILATION_MODE = wholemodule;
				SWIFT_OPTIMIZATION_LEVEL = "-O";
				VALIDATE_PRODUCT = YES;
			};
			name = Release;
		};
		24884F68295C643700AE6E11 /* Debug */ = {
			isa = XCBuildConfiguration;
			buildSettings = {
				ASSETCATALOG_COMPILER_APPICON_NAME = AppIcon;
				ASSETCATALOG_COMPILER_GLOBAL_ACCENT_COLOR_NAME = AccentColor;
				CODE_SIGN_STYLE = Automatic;
				CURRENT_PROJECT_VERSION = 1;
				DEVELOPMENT_ASSET_PATHS = "\"Blaster/Preview Content\"";
				DEVELOPMENT_TEAM = 9WC7D5LR2L;
				ENABLE_PREVIEWS = YES;
				GENERATE_INFOPLIST_FILE = YES;
				INFOPLIST_KEY_UIApplicationSceneManifest_Generation = YES;
				INFOPLIST_KEY_UIApplicationSupportsIndirectInputEvents = YES;
				INFOPLIST_KEY_UILaunchScreen_Generation = YES;
				INFOPLIST_KEY_UISupportedInterfaceOrientations_iPad = "UIInterfaceOrientationPortrait UIInterfaceOrientationPortraitUpsideDown UIInterfaceOrientationLandscapeLeft UIInterfaceOrientationLandscapeRight";
				INFOPLIST_KEY_UISupportedInterfaceOrientations_iPhone = "UIInterfaceOrientationPortrait UIInterfaceOrientationLandscapeLeft UIInterfaceOrientationLandscapeRight";
				LD_RUNPATH_SEARCH_PATHS = (
					"$(inherited)",
					"@executable_path/Frameworks",
				);
				MARKETING_VERSION = 1.0;
				PRODUCT_BUNDLE_IDENTIFIER = "si.uni-lj.nd6913.Blaster";
				PRODUCT_NAME = "$(TARGET_NAME)";
				SWIFT_EMIT_LOC_STRINGS = YES;
				SWIFT_VERSION = 5.0;
				TARGETED_DEVICE_FAMILY = "1,2";
			};
			name = Debug;
		};
		24884F69295C643700AE6E11 /* Release */ = {
			isa = XCBuildConfiguration;
			buildSettings = {
				ASSETCATALOG_COMPILER_APPICON_NAME = AppIcon;
				ASSETCATALOG_COMPILER_GLOBAL_ACCENT_COLOR_NAME = AccentColor;
				CODE_SIGN_STYLE = Automatic;
				CURRENT_PROJECT_VERSION = 1;
				DEVELOPMENT_ASSET_PATHS = "\"Blaster/Preview Content\"";
				DEVELOPMENT_TEAM = 9WC7D5LR2L;
				ENABLE_PREVIEWS = YES;
				GENERATE_INFOPLIST_FILE = YES;
				INFOPLIST_KEY_UIApplicationSceneManifest_Generation = YES;
				INFOPLIST_KEY_UIApplicationSupportsIndirectInputEvents = YES;
				INFOPLIST_KEY_UILaunchScreen_Generation = YES;
				INFOPLIST_KEY_UISupportedInterfaceOrientations_iPad = "UIInterfaceOrientationPortrait UIInterfaceOrientationPortraitUpsideDown UIInterfaceOrientationLandscapeLeft UIInterfaceOrientationLandscapeRight";
				INFOPLIST_KEY_UISupportedInterfaceOrientations_iPhone = "UIInterfaceOrientationPortrait UIInterfaceOrientationLandscapeLeft UIInterfaceOrientationLandscapeRight";
				LD_RUNPATH_SEARCH_PATHS = (
					"$(inherited)",
					"@executable_path/Frameworks",
				);
				MARKETING_VERSION = 1.0;
				PRODUCT_BUNDLE_IDENTIFIER = "si.uni-lj.nd6913.Blaster";
				PRODUCT_NAME = "$(TARGET_NAME)";
				SWIFT_EMIT_LOC_STRINGS = YES;
				SWIFT_VERSION = 5.0;
				TARGETED_DEVICE_FAMILY = "1,2";
			};
			name = Release;
		};
/* End XCBuildConfiguration section */

/* Begin XCConfigurationList section */
		24884F4F295C643500AE6E11 /* Build configuration list for PBXProject "Blaster" */ = {
			isa = XCConfigurationList;
			buildConfigurations = (
				24884F65295C643700AE6E11 /* Debug */,
				24884F66295C643700AE6E11 /* Release */,
			);
			defaultConfigurationIsVisible = 0;
			defaultConfigurationName = Release;
		};
		24884F67295C643700AE6E11 /* Build configuration list for PBXNativeTarget "Blaster" */ = {
			isa = XCConfigurationList;
			buildConfigurations = (
				24884F68295C643700AE6E11 /* Debug */,
				24884F69295C643700AE6E11 /* Release */,
			);
			defaultConfigurationIsVisible = 0;
			defaultConfigurationName = Release;
		};
/* End XCConfigurationList section */

/* Begin XCVersionGroup section */
		24884F62295C643700AE6E11 /* Blaster.xcdatamodeld */ = {
			isa = XCVersionGroup;
			children = (
				24884F63295C643700AE6E11 /* Blaster.xcdatamodel */,
			);
			currentVersion = 24884F63295C643700AE6E11 /* Blaster.xcdatamodel */;
			path = Blaster.xcdatamodeld;
			sourceTree = "<group>";
			versionGroupType = wrapper.xcdatamodel;
		};
/* End XCVersionGroup section */
	};
	rootObject = 24884F4C295C643500AE6E11 /* Project object */;
}
